
Microsoft Visual Studio Solution File, Format Version 12.00
# Visual Studio Version 17
VisualStudioVersion = 17.3.32804.467
MinimumVisualStudioVersion = 10.0.40219.1
Project("{FAE04EC0-301F-11D3-BF4B-00C04F79EFBC}") = "aula1", "aula1\aula1.csproj", "{022EC9F5-2E53-4CB4-8F59-BF4F7FD909C0}"
EndProject
Global
	GlobalSection(SolutionConfigurationPlatforms) = preSolution
		Debug|Any CPU = Debug|Any CPU
		Release|Any CPU = Release|Any CPU
	EndGlobalSection
	GlobalSection(ProjectConfigurationPlatforms) = postSolution
		{022EC9F5-2E53-4CB4-8F59-BF4F7FD909C0}.Debug|Any CPU.ActiveCfg = Debug|Any CPU
		{022EC9F5-2E53-4CB4-8F59-BF4F7FD909C0}.Debug|Any CPU.Build.0 = Debug|Any CPU
		{022EC9F5-2E53-4CB4-8F59-BF4F7FD909C0}.Release|Any CPU.ActiveCfg = Release|Any CPU
		{022EC9F5-2E53-4CB4-8F59-BF4F7FD909C0}.Release|Any CPU.Build.0 = Release|Any CPU
	EndGlobalSection
	GlobalSection(SolutionProperties) = preSolution
		HideSolutionNode = FALSE
	EndGlobalSection
	GlobalSection(ExtensibilityGlobals) = postSolution
		SolutionGuid = {3CDD68B1-3B8D-4A19-B0A8-F71FB4918058}
	EndGlobalSection
EndGlobal
